
Microsoft Visual Studio Solution File, Format Version 12.00
# Visual Studio 15
VisualStudioVersion = 15.0.26730.12
MinimumVisualStudioVersion = 10.0.40219.1
Project("{FAE04EC0-301F-11D3-BF4B-00C04F79EFBC}") = "AddinManager (V8i)", "AddInManager\AddinManager (V8i)\AddinManager (V8i).csproj", "{DB8C5B39-F590-4607-A874-19251B84E7A3}"
EndProject
Project("{FAE04EC0-301F-11D3-BF4B-00C04F79EFBC}") = "AddinManager (CE)", "AddInManager\AddinManager (CE)\AddinManager (CE).csproj", "{55DFEB6B-D5A9-497C-BDBB-068DD6D9B2D5}"
EndProject
Global
	GlobalSection(SolutionConfigurationPlatforms) = preSolution
		Debug|Any CPU = Debug|Any CPU
		Release|Any CPU = Release|Any CPU
	EndGlobalSection
	GlobalSection(ProjectConfigurationPlatforms) = postSolution
		{DB8C5B39-F590-4607-A874-19251B84E7A3}.Debug|Any CPU.ActiveCfg = Debug|Any CPU
		{DB8C5B39-F590-4607-A874-19251B84E7A3}.Debug|Any CPU.Build.0 = Debug|Any CPU
		{DB8C5B39-F590-4607-A874-19251B84E7A3}.Release|Any CPU.ActiveCfg = Release|Any CPU
		{DB8C5B39-F590-4607-A874-19251B84E7A3}.Release|Any CPU.Build.0 = Release|Any CPU
		{55DFEB6B-D5A9-497C-BDBB-068DD6D9B2D5}.Debug|Any CPU.ActiveCfg = Debug|Any CPU
		{55DFEB6B-D5A9-497C-BDBB-068DD6D9B2D5}.Debug|Any CPU.Build.0 = Debug|Any CPU
		{55DFEB6B-D5A9-497C-BDBB-068DD6D9B2D5}.Release|Any CPU.ActiveCfg = Release|Any CPU
		{55DFEB6B-D5A9-497C-BDBB-068DD6D9B2D5}.Release|Any CPU.Build.0 = Release|Any CPU
	EndGlobalSection
	GlobalSection(SolutionProperties) = preSolution
		HideSolutionNode = FALSE
	EndGlobalSection
	GlobalSection(ExtensibilityGlobals) = postSolution
		SolutionGuid = {C9EC4487-E4DC-489C-BBF1-E32438EF57A9}
	EndGlobalSection
EndGlobal
