
Microsoft Visual Studio Solution File, Format Version 12.00
# Visual Studio 15
VisualStudioVersion = 15.0.26730.12
MinimumVisualStudioVersion = 10.0.40219.1
Project("{FAE04EC0-301F-11D3-BF4B-00C04F79EFBC}") = "AddinManager", "AddInManager\AddinManager\AddinManager.csproj", "{EE595C05-1628-43CD-800D-45DA4E8EE869}"
EndProject
Project("{FAE04EC0-301F-11D3-BF4B-00C04F79EFBC}") = "AddinManager (MSCE)", "AddInManager\AddinManager (MSCE)\AddinManager (MSCE).csproj", "{14A9E83F-F1EF-44E8-8DFD-40BC44863206}"
EndProject
Project("{FAE04EC0-301F-11D3-BF4B-00C04F79EFBC}") = "AddinManager (V8i)", "AddInManager\AddinManager (V8i)\AddinManager (V8i).csproj", "{967EFF94-55BA-42CB-A87F-D4375CE63C9F}"
EndProject
Global
	GlobalSection(SolutionConfigurationPlatforms) = preSolution
		Debug|Any CPU = Debug|Any CPU
		Release|Any CPU = Release|Any CPU
	EndGlobalSection
	GlobalSection(ProjectConfigurationPlatforms) = postSolution
		{EE595C05-1628-43CD-800D-45DA4E8EE869}.Debug|Any CPU.ActiveCfg = Debug|Any CPU
		{EE595C05-1628-43CD-800D-45DA4E8EE869}.Debug|Any CPU.Build.0 = Debug|Any CPU
		{EE595C05-1628-43CD-800D-45DA4E8EE869}.Release|Any CPU.ActiveCfg = Release|Any CPU
		{EE595C05-1628-43CD-800D-45DA4E8EE869}.Release|Any CPU.Build.0 = Release|Any CPU
		{14A9E83F-F1EF-44E8-8DFD-40BC44863206}.Debug|Any CPU.ActiveCfg = Debug|Any CPU
		{14A9E83F-F1EF-44E8-8DFD-40BC44863206}.Debug|Any CPU.Build.0 = Debug|Any CPU
		{14A9E83F-F1EF-44E8-8DFD-40BC44863206}.Release|Any CPU.ActiveCfg = Release|Any CPU
		{14A9E83F-F1EF-44E8-8DFD-40BC44863206}.Release|Any CPU.Build.0 = Release|Any CPU
		{967EFF94-55BA-42CB-A87F-D4375CE63C9F}.Debug|Any CPU.ActiveCfg = Debug|Any CPU
		{967EFF94-55BA-42CB-A87F-D4375CE63C9F}.Debug|Any CPU.Build.0 = Debug|Any CPU
		{967EFF94-55BA-42CB-A87F-D4375CE63C9F}.Release|Any CPU.ActiveCfg = Release|Any CPU
		{967EFF94-55BA-42CB-A87F-D4375CE63C9F}.Release|Any CPU.Build.0 = Release|Any CPU
	EndGlobalSection
	GlobalSection(SolutionProperties) = preSolution
		HideSolutionNode = FALSE
	EndGlobalSection
	GlobalSection(ExtensibilityGlobals) = postSolution
		SolutionGuid = {C9EC4487-E4DC-489C-BBF1-E32438EF57A9}
	EndGlobalSection
EndGlobal
